{
  "name": "letsboard",
  "lockfileVersion": 3,
  "requires": true,
  "packages": {
    "": {
      "dependencies": {
        "@syncfusion/ej2-base": "^30.2.6",
        "@syncfusion/ej2-react-buttons": "^30.2.4",
        "@syncfusion/ej2-react-charts": "^30.2.7",
        "@syncfusion/ej2-react-dropdowns": "^30.2.6",
        "@syncfusion/ej2-react-grids": "^30.2.6",
        "@syncfusion/ej2-react-maps": "^30.2.4",
        "@syncfusion/ej2-react-navigations": "^30.2.7",
        "@syncfusion/ej2-react-splitbuttons": "^30.2.4",
        "clsx": "^2.1.1",
        "tailwind-merge": "^3.3.1"
      }
    },
    "node_modules/@syncfusion/ej2-base": {
      "version": "30.2.6",
      "resolved": "https://registry.npmjs.org/@syncfusion/ej2-base/-/ej2-base-30.2.6.tgz",
      "integrity": "sha512-RC7yA4nK/1CvkQQkUnYbvsFUFcuWkbSxhyVgn4ymNCAylRARFerdO6epTJAn204+vhmzoS34q+4EdeWwtg0/PA==",
      "license": "SEE LICENSE IN license",
      "dependencies": {
        "@syncfusion/ej2-icons": "~30.2.4"
      },
      "bin": {
        "syncfusion-license": "bin/syncfusion-license.js"
      }
    },
    "node_modules/@syncfusion/ej2-buttons": {
      "version": "30.2.4",
      "resolved": "https://registry.npmjs.org/@syncfusion/ej2-buttons/-/ej2-buttons-30.2.4.tgz",
      "integrity": "sha512-NbZD8aI3AgVM0JEEB+CGh8e46ClxqCGrZ0AkRVifLX8Z7NmuZ9PV7d8JQDyPWWQmKIu3V4nc6ChmiYtBEkcC3w==",
      "license": "SEE LICENSE IN license",
      "dependencies": {
        "@syncfusion/ej2-base": "~30.2.4"
      }
    },
    "node_modules/@syncfusion/ej2-calendars": {
      "version": "30.2.4",
      "resolved": "https://registry.npmjs.org/@syncfusion/ej2-calendars/-/ej2-calendars-30.2.4.tgz",
      "integrity": "sha512-/CWUBcsZ4FLcQtWGxKsc3xKKfqDloG9/JFc38zqErp2bdhTaQj1N4OmYNWAjnQ146v/z17K2KH2xiXW6bJpQ8g==",
      "license": "SEE LICENSE IN license",
      "dependencies": {
        "@syncfusion/ej2-base": "~30.2.4",
        "@syncfusion/ej2-buttons": "~30.2.4",
        "@syncfusion/ej2-inputs": "~30.2.4",
        "@syncfusion/ej2-lists": "~30.2.4",
        "@syncfusion/ej2-popups": "~30.2.4"
      }
    },
    "node_modules/@syncfusion/ej2-charts": {
      "version": "30.2.7",
      "resolved": "https://registry.npmjs.org/@syncfusion/ej2-charts/-/ej2-charts-30.2.7.tgz",
      "integrity": "sha512-t/ZhEiBc7ugoCPVyWHdt7I7asNIbUa+1XRQWb7YxIbumzgCo2NQizAeqV1Hjnvvld0r69hapS5guaBRuu/juxQ==",
      "license": "SEE LICENSE IN license",
      "dependencies": {
        "@syncfusion/ej2-base": "~30.2.6",
        "@syncfusion/ej2-calendars": "~30.2.4",
        "@syncfusion/ej2-data": "~30.2.4",
        "@syncfusion/ej2-excel-export": "~30.2.4",
        "@syncfusion/ej2-navigations": "~30.2.7",
        "@syncfusion/ej2-pdf-export": "~30.2.4",
        "@syncfusion/ej2-svg-base": "~30.2.4"
      }
    },
    "node_modules/@syncfusion/ej2-compression": {
      "version": "30.2.4",
      "resolved": "https://registry.npmjs.org/@syncfusion/ej2-compression/-/ej2-compression-30.2.4.tgz",
      "integrity": "sha512-7h0LxmvcDcU/GHuDVblUR/FLsKb0Ru0AjTFe7cay3eEG3dr76dObVsKVBWH7lobm3G/cptlFdLqnzsUeq+crQQ==",
      "license": "SEE LICENSE IN license",
      "dependencies": {
        "@syncfusion/ej2-file-utils": "~30.2.4"
      }
    },
    "node_modules/@syncfusion/ej2-data": {
      "version": "30.2.4",
      "resolved": "https://registry.npmjs.org/@syncfusion/ej2-data/-/ej2-data-30.2.4.tgz",
      "integrity": "sha512-HYBwk6U0pxTjc8yEYAj2YyuqRsgbVIAzTgYn1/WEvysXHFhwsNA5oUlvF9BFGPBiWLSJCCv4R9jDQHGm9pbtqw==",
      "license": "SEE LICENSE IN license",
      "dependencies": {
        "@syncfusion/ej2-base": "~30.2.4"
      }
    },
    "node_modules/@syncfusion/ej2-dropdowns": {
      "version": "30.2.6",
      "resolved": "https://registry.npmjs.org/@syncfusion/ej2-dropdowns/-/ej2-dropdowns-30.2.6.tgz",
      "integrity": "sha512-pvnsxvvHJWJA8Dxg/X99C3hs1tLWvLEacfytLroejlS0mjhCeGrkGVDUTHybeYuZtWb6tocDOLxdvCxxGZGIbA==",
      "license": "SEE LICENSE IN license",
      "dependencies": {
        "@syncfusion/ej2-base": "~30.2.4",
        "@syncfusion/ej2-data": "~30.2.4",
        "@syncfusion/ej2-inputs": "~30.2.6",
        "@syncfusion/ej2-lists": "~30.2.4",
        "@syncfusion/ej2-navigations": "~30.2.5",
        "@syncfusion/ej2-notifications": "~30.2.4",
        "@syncfusion/ej2-popups": "~30.2.4"
      }
    },
    "node_modules/@syncfusion/ej2-excel-export": {
      "version": "30.2.4",
      "resolved": "https://registry.npmjs.org/@syncfusion/ej2-excel-export/-/ej2-excel-export-30.2.4.tgz",
      "integrity": "sha512-7hTXmVQmcWnePt6Y4VWhJGe9jeXhUOykZSX/jrjULuBQNTE5tnHo1P6Mf2iiFZX2+qd1eRCEnS8u7EyHmpLO6Q==",
      "license": "SEE LICENSE IN license",
      "dependencies": {
        "@syncfusion/ej2-base": "~30.2.4",
        "@syncfusion/ej2-compression": "~30.2.4"
      }
    },
    "node_modules/@syncfusion/ej2-file-utils": {
      "version": "30.2.4",
      "resolved": "https://registry.npmjs.org/@syncfusion/ej2-file-utils/-/ej2-file-utils-30.2.4.tgz",
      "integrity": "sha512-rrMlfJdXIF069P1kSf69Cuv7oNe6jXknUUxvDaej2+5ZgS79I181ugAHBkvyIUzpq4R0AobJUKPRIAv2XtUo7g==",
      "license": "SEE LICENSE IN license"
    },
    "node_modules/@syncfusion/ej2-grids": {
      "version": "30.2.6",
      "resolved": "https://registry.npmjs.org/@syncfusion/ej2-grids/-/ej2-grids-30.2.6.tgz",
      "integrity": "sha512-KVTM7xytsp60/fvQdeK37vM3rTQqsV5TTBvpeMKHQmUNhs3qfEGYA0bYGPgITqJcjzVkiVSDOyAvKC+Ne1AgjA==",
      "license": "SEE LICENSE IN license",
      "dependencies": {
        "@syncfusion/ej2-base": "~30.2.4",
        "@syncfusion/ej2-buttons": "~30.2.4",
        "@syncfusion/ej2-calendars": "~30.2.4",
        "@syncfusion/ej2-compression": "~30.2.4",
        "@syncfusion/ej2-data": "~30.2.4",
        "@syncfusion/ej2-dropdowns": "~30.2.6",
        "@syncfusion/ej2-excel-export": "~30.2.4",
        "@syncfusion/ej2-file-utils": "~30.2.4",
        "@syncfusion/ej2-inputs": "~30.2.6",
        "@syncfusion/ej2-lists": "~30.2.4",
        "@syncfusion/ej2-navigations": "~30.2.5",
        "@syncfusion/ej2-notifications": "~30.2.4",
        "@syncfusion/ej2-pdf-export": "~30.2.4",
        "@syncfusion/ej2-popups": "~30.2.4",
        "@syncfusion/ej2-splitbuttons": "~30.2.4"
      }
    },
    "node_modules/@syncfusion/ej2-icons": {
      "version": "30.2.4",
      "resolved": "https://registry.npmjs.org/@syncfusion/ej2-icons/-/ej2-icons-30.2.4.tgz",
      "integrity": "sha512-zKJaCs9AhPT/xOVvjlSAQCCcQX9P+P/ajVd2Xe2UxeSuJpB8K9D1+4MHXe6lZOdY/hOyNWocpZc60UmcaAcR/Q==",
      "license": "SEE LICENSE IN license"
    },
    "node_modules/@syncfusion/ej2-inputs": {
      "version": "30.2.6",
      "resolved": "https://registry.npmjs.org/@syncfusion/ej2-inputs/-/ej2-inputs-30.2.6.tgz",
      "integrity": "sha512-A6orvv+qdybR9hPHRb+XlVOOT6tB8BodxD4I/aVEGj0Vs2iAAbkJgQ+Lccn//X0r/OLoxxoVLQBRv8k8bRuBPg==",
      "license": "SEE LICENSE IN license",
      "dependencies": {
        "@syncfusion/ej2-base": "~30.2.4",
        "@syncfusion/ej2-buttons": "~30.2.4",
        "@syncfusion/ej2-popups": "~30.2.4",
        "@syncfusion/ej2-splitbuttons": "~30.2.4"
      }
    },
    "node_modules/@syncfusion/ej2-lists": {
      "version": "30.2.4",
      "resolved": "https://registry.npmjs.org/@syncfusion/ej2-lists/-/ej2-lists-30.2.4.tgz",
      "integrity": "sha512-2+/tDgrR+GtuCB8u1IFKEbmduKZUHHRrudZXpWQWgFlO3KDZozDHwTwgf6xwlfr1u03L63H4AksaanfcBL4Zpw==",
      "license": "SEE LICENSE IN license",
      "dependencies": {
        "@syncfusion/ej2-base": "~30.2.4",
        "@syncfusion/ej2-buttons": "~30.2.4",
        "@syncfusion/ej2-data": "~30.2.4",
        "@syncfusion/ej2-popups": "~30.2.4"
      }
    },
    "node_modules/@syncfusion/ej2-maps": {
      "version": "30.2.4",
      "resolved": "https://registry.npmjs.org/@syncfusion/ej2-maps/-/ej2-maps-30.2.4.tgz",
      "integrity": "sha512-HsC3tryjy+6JJ7OkKOMy7pTaXfaN1fJ3GmP6GRgVpBjhT1qQ76fjy+rDbaO7HvFktLZwv9BdMz7Lsghm54FAGw==",
      "license": "SEE LICENSE IN license",
      "dependencies": {
        "@syncfusion/ej2-base": "~30.2.4",
        "@syncfusion/ej2-buttons": "~30.2.4",
        "@syncfusion/ej2-compression": "~30.2.4",
        "@syncfusion/ej2-data": "~30.2.4",
        "@syncfusion/ej2-file-utils": "~30.2.4",
        "@syncfusion/ej2-pdf-export": "~30.2.4",
        "@syncfusion/ej2-svg-base": "~30.2.4"
      }
    },
    "node_modules/@syncfusion/ej2-navigations": {
      "version": "30.2.7",
      "resolved": "https://registry.npmjs.org/@syncfusion/ej2-navigations/-/ej2-navigations-30.2.7.tgz",
      "integrity": "sha512-vaUqL3NbpEhjzK6rL1iPtoqq7Pl+1e1Q7vZTsuL3fBoowYIirMkI0Xmtz67PDMobyp/8aKYrNh4kzyEqnEdfLQ==",
      "license": "SEE LICENSE IN license",
      "dependencies": {
        "@syncfusion/ej2-base": "~30.2.6",
        "@syncfusion/ej2-buttons": "~30.2.4",
        "@syncfusion/ej2-data": "~30.2.4",
        "@syncfusion/ej2-inputs": "~30.2.6",
        "@syncfusion/ej2-lists": "~30.2.4",
        "@syncfusion/ej2-popups": "~30.2.4"
      }
    },
    "node_modules/@syncfusion/ej2-notifications": {
      "version": "30.2.4",
      "resolved": "https://registry.npmjs.org/@syncfusion/ej2-notifications/-/ej2-notifications-30.2.4.tgz",
      "integrity": "sha512-DuwH/WCv6148ZNNjdRmsa/l51bBxaWJnyC+YnEJrKkBERYkSED/avjU0bkixE8Hh8c9Q1PcseTrUjOKHHGkL7w==",
      "license": "SEE LICENSE IN license",
      "dependencies": {
        "@syncfusion/ej2-base": "~30.2.4",
        "@syncfusion/ej2-buttons": "~30.2.4",
        "@syncfusion/ej2-popups": "~30.2.4"
      }
    },
    "node_modules/@syncfusion/ej2-pdf-export": {
      "version": "30.2.4",
      "resolved": "https://registry.npmjs.org/@syncfusion/ej2-pdf-export/-/ej2-pdf-export-30.2.4.tgz",
      "integrity": "sha512-xSv1bICsnN1P0zPZBfAt6x9ThajCBvY1nSsWI5/8iA/sUHeI7GD/fpau+w4cLRBscGxWpei6i5IvSXcgdQ+muw==",
      "license": "SEE LICENSE IN license",
      "dependencies": {
        "@syncfusion/ej2-compression": "~30.2.4"
      }
    },
    "node_modules/@syncfusion/ej2-popups": {
      "version": "30.2.4",
      "resolved": "https://registry.npmjs.org/@syncfusion/ej2-popups/-/ej2-popups-30.2.4.tgz",
      "integrity": "sha512-nlfLVgmMNK6xk/c6UN7OuLgsnMqX8cn+Ql84PVovI2cgc1MCT4Jh46MRbArXtJfeCtWIyHMVE4+hfbNAXYDhWQ==",
      "license": "SEE LICENSE IN license",
      "dependencies": {
        "@syncfusion/ej2-base": "~30.2.4",
        "@syncfusion/ej2-buttons": "~30.2.4"
      }
    },
    "node_modules/@syncfusion/ej2-react-base": {
      "version": "30.2.4",
      "resolved": "https://registry.npmjs.org/@syncfusion/ej2-react-base/-/ej2-react-base-30.2.4.tgz",
      "integrity": "sha512-gctBd8lIUi0G1VhRzSguQEUA3iwaaXlhBCIhlAM4sIUJ3KA7mAiaGXc8nqWVsYNFr2KgSXKdFPvAPWFdWIyR6A==",
      "license": "SEE LICENSE IN license",
      "dependencies": {
        "@syncfusion/ej2-base": "~30.2.4"
      }
    },
    "node_modules/@syncfusion/ej2-react-buttons": {
      "version": "30.2.4",
      "resolved": "https://registry.npmjs.org/@syncfusion/ej2-react-buttons/-/ej2-react-buttons-30.2.4.tgz",
      "integrity": "sha512-RMqZ3z3PlJtJL4j7M4E7hqQBNWvZAiKI42qZDykPnR2aP1geNem4pW3Y9IikesSk6hSytvfaFx/DIoI/uaEFxQ==",
      "license": "SEE LICENSE IN license",
      "dependencies": {
        "@syncfusion/ej2-base": "~30.2.4",
        "@syncfusion/ej2-buttons": "30.2.4",
        "@syncfusion/ej2-react-base": "~30.2.4"
      }
    },
    "node_modules/@syncfusion/ej2-react-charts": {
      "version": "30.2.7",
      "resolved": "https://registry.npmjs.org/@syncfusion/ej2-react-charts/-/ej2-react-charts-30.2.7.tgz",
      "integrity": "sha512-16y/ktFC7v+XbUuRHKFgOKVG+R8HKYiF2JWm2EadTxWG5zyFL62K9oa7Sd80fiY6oxF7m6+VRUroikX8hO5Bqw==",
      "license": "SEE LICENSE IN license",
      "dependencies": {
        "@syncfusion/ej2-base": "~30.2.6",
        "@syncfusion/ej2-charts": "30.2.7",
        "@syncfusion/ej2-react-base": "~30.2.4"
      }
    },
    "node_modules/@syncfusion/ej2-react-dropdowns": {
      "version": "30.2.6",
      "resolved": "https://registry.npmjs.org/@syncfusion/ej2-react-dropdowns/-/ej2-react-dropdowns-30.2.6.tgz",
      "integrity": "sha512-579CIMvgcJ9W0DVa5Kf+x6xoKymBZ1T9OzO1S3VBsvIjsgKlkXsEAdYNK2Dy+6YI02sVTza//sm6vZnf8o0tQw==",
      "license": "SEE LICENSE IN license",
      "dependencies": {
        "@syncfusion/ej2-base": "~30.2.4",
        "@syncfusion/ej2-dropdowns": "30.2.6",
        "@syncfusion/ej2-react-base": "~30.2.4"
      }
    },
    "node_modules/@syncfusion/ej2-react-grids": {
      "version": "30.2.6",
      "resolved": "https://registry.npmjs.org/@syncfusion/ej2-react-grids/-/ej2-react-grids-30.2.6.tgz",
      "integrity": "sha512-Crvoh6k4/bl4LICTHu5Zfyi0kQQlFzdCEfS5eWiq7ckH91eHPuog8SitA3vEXcdG3Amerbs/kOlBPFY6GYqUKQ==",
      "license": "SEE LICENSE IN license",
      "dependencies": {
        "@syncfusion/ej2-base": "~30.2.4",
        "@syncfusion/ej2-grids": "30.2.6",
        "@syncfusion/ej2-react-base": "~30.2.4"
      }
    },
    "node_modules/@syncfusion/ej2-react-maps": {
      "version": "30.2.4",
      "resolved": "https://registry.npmjs.org/@syncfusion/ej2-react-maps/-/ej2-react-maps-30.2.4.tgz",
      "integrity": "sha512-fK6PJitYdGcMqH+78gSGSHrkJNt+LA5AsluGMgxAr+ZKrAYIwsJv7YBiCunhCHKo0Ol4bZUX1cYEfmnAYYhdrQ==",
      "license": "SEE LICENSE IN license",
      "dependencies": {
        "@syncfusion/ej2-base": "~30.2.4",
        "@syncfusion/ej2-maps": "30.2.4",
        "@syncfusion/ej2-react-base": "~30.2.4"
      }
    },
    "node_modules/@syncfusion/ej2-react-navigations": {
      "version": "30.2.7",
      "resolved": "https://registry.npmjs.org/@syncfusion/ej2-react-navigations/-/ej2-react-navigations-30.2.7.tgz",
      "integrity": "sha512-WM+/Xx//zLHNCCMGvP5bcnrdmTE1F+9/kgjnsh62fojHZS5sfJbDDVYzOiuk/zkQZRCfbCArGhjpK6RDlvEq2Q==",
      "license": "SEE LICENSE IN license",
      "dependencies": {
        "@syncfusion/ej2-base": "~30.2.6",
        "@syncfusion/ej2-navigations": "30.2.7",
        "@syncfusion/ej2-react-base": "~30.2.4"
      }
    },
    "node_modules/@syncfusion/ej2-react-splitbuttons": {
      "version": "30.2.4",
      "resolved": "https://registry.npmjs.org/@syncfusion/ej2-react-splitbuttons/-/ej2-react-splitbuttons-30.2.4.tgz",
      "integrity": "sha512-HgfdC2qhRo4XYMaTPqukxM0BmYbmxFQ/DLiRQ71+/4nXHVTAwFYgHie1PkKekp+GPm7L+u5b6h8PEmnQiuYptw==",
      "license": "SEE LICENSE IN license",
      "dependencies": {
        "@syncfusion/ej2-base": "~30.2.4",
        "@syncfusion/ej2-react-base": "~30.2.4",
        "@syncfusion/ej2-splitbuttons": "30.2.4"
      }
    },
    "node_modules/@syncfusion/ej2-splitbuttons": {
      "version": "30.2.4",
      "resolved": "https://registry.npmjs.org/@syncfusion/ej2-splitbuttons/-/ej2-splitbuttons-30.2.4.tgz",
      "integrity": "sha512-9p0wMvNgZtcHJbwGh/RxLpEtu4AioqooO2d/aW72FufeSniR3/31fwSKBOzOu4EvR7EaYGXAnVxrmHTEojzlRg==",
      "license": "SEE LICENSE IN license",
      "dependencies": {
        "@syncfusion/ej2-base": "~30.2.4",
        "@syncfusion/ej2-popups": "~30.2.4"
      }
    },
    "node_modules/@syncfusion/ej2-svg-base": {
      "version": "30.2.4",
      "resolved": "https://registry.npmjs.org/@syncfusion/ej2-svg-base/-/ej2-svg-base-30.2.4.tgz",
      "integrity": "sha512-Y+dPKuU5O61ZXNvm6ySvLRRGG4tCr5KjY7+fD0QBboTxGJqwzSM4PVl4DgKXDmggQe42ioRrNmejig2JQny1Sg==",
      "license": "SEE LICENSE IN license",
      "dependencies": {
        "@syncfusion/ej2-base": "~30.2.4"
      }
    },
    "node_modules/clsx": {
      "version": "2.1.1",
      "resolved": "https://registry.npmjs.org/clsx/-/clsx-2.1.1.tgz",
      "integrity": "sha512-eYm0QWBtUrBWZWG0d386OGAw16Z995PiOVo2B7bjWSbHedGl5e0ZWaq65kOGgUSNesEIDkB9ISbTg/JK9dhCZA==",
      "license": "MIT",
      "engines": {
        "node": ">=6"
      }
    },
    "node_modules/tailwind-merge": {
      "version": "3.3.1",
      "resolved": "https://registry.npmjs.org/tailwind-merge/-/tailwind-merge-3.3.1.tgz",
      "integrity": "sha512-gBXpgUm/3rp1lMZZrM/w7D8GKqshif0zAymAhbCyIt8KMe+0v9DQ7cdYLR4FHH/cKpdTXb+A/tKKU3eolfsI+g==",
      "license": "MIT",
      "funding": {
        "type": "github",
        "url": "https://github.com/sponsors/dcastil"
      }
    }
  }
}
